PODS:
  - Alamofire (5.6.1)
  - SwiftyDropbox (8.3.1):
    - Alamofire

DEPENDENCIES:
  - SwiftyDropbox (from `../`)

SPEC REPOS:
  trunk:
    - Alamofire

EXTERNAL SOURCES:
  SwiftyDropbox:
    :path: "../"

SPEC CHECKSUMS:
  Alamofire: 87bd8c952f9a4454320fce00d9cc3de57bcadaf5
  SwiftyDropbox: 2d59d74986e535d1b32835141f29bf4ede5e2cba

PODFILE CHECKSUM: dadb3aa2d15d600ec946e676631ff3d44d1f03ca

COCOAPODS: 1.11.2
